
Microsoft Visual Studio Solution File, Format Version 12.00
# Visual Studio Version 16
VisualStudioVersion = 16.0.29728.190
MinimumVisualStudioVersion = 10.0.40219.1
Project("{9A19103F-16F7-4668-BE54-9A1E7A4F7556}") = "Reflyn", "ReflyN\Reflyn.csproj", "{1C16CCAC-99E0-4F28-B582-6F761CC2434E}"
EndProject
Project("{9A19103F-16F7-4668-BE54-9A1E7A4F7556}") = "Reflyn.Test", "Reflyn.Test\Reflyn.Test.csproj", "{9834E1D4-AF3B-4AE5-BB4D-D70D2317F977}"
EndProject
Global
	GlobalSection(SolutionConfigurationPlatforms) = preSolution
		Debug|Any CPU = Debug|Any CPU
		Release|Any CPU = Release|Any CPU
	EndGlobalSection
	GlobalSection(ProjectConfigurationPlatforms) = postSolution
		{1C16CCAC-99E0-4F28-B582-6F761CC2434E}.Debug|Any CPU.ActiveCfg = Debug|Any CPU
		{1C16CCAC-99E0-4F28-B582-6F761CC2434E}.Debug|Any CPU.Build.0 = Debug|Any CPU
		{1C16CCAC-99E0-4F28-B582-6F761CC2434E}.Release|Any CPU.ActiveCfg = Release|Any CPU
		{1C16CCAC-99E0-4F28-B582-6F761CC2434E}.Release|Any CPU.Build.0 = Release|Any CPU
		{9834E1D4-AF3B-4AE5-BB4D-D70D2317F977}.Debug|Any CPU.ActiveCfg = Debug|Any CPU
		{9834E1D4-AF3B-4AE5-BB4D-D70D2317F977}.Debug|Any CPU.Build.0 = Debug|Any CPU
		{9834E1D4-AF3B-4AE5-BB4D-D70D2317F977}.Release|Any CPU.ActiveCfg = Release|Any CPU
		{9834E1D4-AF3B-4AE5-BB4D-D70D2317F977}.Release|Any CPU.Build.0 = Release|Any CPU
	EndGlobalSection
	GlobalSection(SolutionProperties) = preSolution
		HideSolutionNode = FALSE
	EndGlobalSection
	GlobalSection(ExtensibilityGlobals) = postSolution
		SolutionGuid = {01809C52-E99E-46E4-B892-4C81D7B0455B}
	EndGlobalSection
EndGlobal
